
Microsoft Visual Studio Solution File, Format Version 12.00
# Visual Studio Version 16
VisualStudioVersion = 16.0.31702.278
MinimumVisualStudioVersion = 10.0.40219.1
Project("{FAE04EC0-301F-11D3-BF4B-00C04F79EFBC}") = "Session6Desktop", "Session6Desktop\Session6Desktop.csproj", "{47E85433-EB2F-40EB-A8D9-007FE2094A0D}"
EndProject
Global
	GlobalSection(SolutionConfigurationPlatforms) = preSolution
		Debug|Any CPU = Debug|Any CPU
		Release|Any CPU = Release|Any CPU
	EndGlobalSection
	GlobalSection(ProjectConfigurationPlatforms) = postSolution
		{47E85433-EB2F-40EB-A8D9-007FE2094A0D}.Debug|Any CPU.ActiveCfg = Debug|Any CPU
		{47E85433-EB2F-40EB-A8D9-007FE2094A0D}.Debug|Any CPU.Build.0 = Debug|Any CPU
		{47E85433-EB2F-40EB-A8D9-007FE2094A0D}.Release|Any CPU.ActiveCfg = Release|Any CPU
		{47E85433-EB2F-40EB-A8D9-007FE2094A0D}.Release|Any CPU.Build.0 = Release|Any CPU
	EndGlobalSection
	GlobalSection(SolutionProperties) = preSolution
		HideSolutionNode = FALSE
	EndGlobalSection
	GlobalSection(ExtensibilityGlobals) = postSolution
		SolutionGuid = {A254C161-BD20-4562-A315-7E1D957E37B3}
	EndGlobalSection
EndGlobal
